
Microsoft Visual Studio Solution File, Format Version 12.00
# Visual Studio Version 17
VisualStudioVersion = 17.7.34003.232
MinimumVisualStudioVersion = 10.0.40219.1
Project("{8BC9CEB8-8B4A-11D0-8D11-00A0C91BC942}") = "TuringDLL", "TuringDLL\TuringDLL.vcxproj", "{635C8CAD-D547-404D-9369-C97CC86B3589}"
EndProject
Project("{8BC9CEB8-8B4A-11D0-8D11-00A0C91BC942}") = "TuringClient", "TuringClient\TuringClient.vcxproj", "{E0D97520-9B4D-40E6-A01B-91BC746CDC2C}"
EndProject
Global
	GlobalSection(SolutionConfigurationPlatforms) = preSolution
		Debug|x64 = Debug|x64
		Debug|x86 = Debug|x86
		Release|x64 = Release|x64
		Release|x86 = Release|x86
	EndGlobalSection
	GlobalSection(ProjectConfigurationPlatforms) = postSolution
		{635C8CAD-D547-404D-9369-C97CC86B3589}.Debug|x64.ActiveCfg = Debug|x64
		{635C8CAD-D547-404D-9369-C97CC86B3589}.Debug|x64.Build.0 = Debug|x64
		{635C8CAD-D547-404D-9369-C97CC86B3589}.Debug|x86.ActiveCfg = Debug|Win32
		{635C8CAD-D547-404D-9369-C97CC86B3589}.Debug|x86.Build.0 = Debug|Win32
		{635C8CAD-D547-404D-9369-C97CC86B3589}.Release|x64.ActiveCfg = Release|x64
		{635C8CAD-D547-404D-9369-C97CC86B3589}.Release|x64.Build.0 = Release|x64
		{635C8CAD-D547-404D-9369-C97CC86B3589}.Release|x86.ActiveCfg = Release|Win32
		{635C8CAD-D547-404D-9369-C97CC86B3589}.Release|x86.Build.0 = Release|Win32
		{E0D97520-9B4D-40E6-A01B-91BC746CDC2C}.Debug|x64.ActiveCfg = Debug|x64
		{E0D97520-9B4D-40E6-A01B-91BC746CDC2C}.Debug|x64.Build.0 = Debug|x64
		{E0D97520-9B4D-40E6-A01B-91BC746CDC2C}.Debug|x86.ActiveCfg = Debug|Win32
		{E0D97520-9B4D-40E6-A01B-91BC746CDC2C}.Debug|x86.Build.0 = Debug|Win32
		{E0D97520-9B4D-40E6-A01B-91BC746CDC2C}.Release|x64.ActiveCfg = Release|x64
		{E0D97520-9B4D-40E6-A01B-91BC746CDC2C}.Release|x64.Build.0 = Release|x64
		{E0D97520-9B4D-40E6-A01B-91BC746CDC2C}.Release|x86.ActiveCfg = Release|Win32
		{E0D97520-9B4D-40E6-A01B-91BC746CDC2C}.Release|x86.Build.0 = Release|Win32
	EndGlobalSection
	GlobalSection(SolutionProperties) = preSolution
		HideSolutionNode = FALSE
	EndGlobalSection
	GlobalSection(ExtensibilityGlobals) = postSolution
		SolutionGuid = {EA600BC5-C8E3-464A-86C0-5F54E8D1B5DF}
	EndGlobalSection
EndGlobal
