
Microsoft Visual Studio Solution File, Format Version 12.00
# Visual Studio Version 17
VisualStudioVersion = 17.7.34031.279
MinimumVisualStudioVersion = 10.0.40219.1
Project("{8BC9CEB8-8B4A-11D0-8D11-00A0C91BC942}") = "1TaskBoard1", "TaskBoard1\TaskBoard1.vcxproj", "{D4DD3718-2D83-47A6-87B1-D33CD486809C}"
EndProject
Project("{8BC9CEB8-8B4A-11D0-8D11-00A0C91BC942}") = "1TaskBoard2", "TaskBoard2\TaskBoard2.vcxproj", "{3B3C0CAF-BB00-417C-98C1-79F00113ED74}"
EndProject
Project("{8BC9CEB8-8B4A-11D0-8D11-00A0C91BC942}") = "1TaskBoard3", "TaskBoard3\TaskBoard3.vcxproj", "{9AC94321-5A1E-45EC-99C2-9EF5D1DFE1B9}"
EndProject
Project("{8BC9CEB8-8B4A-11D0-8D11-00A0C91BC942}") = "1TaskBoard4", "TaskBoard4\TaskBoard4.vcxproj", "{8AFA5F0B-254E-4522-9936-03FD14A6E342}"
EndProject
Project("{8BC9CEB8-8B4A-11D0-8D11-00A0C91BC942}") = "1TaskBoard5", "TaskBoard5\TaskBoard5.vcxproj", "{AC0FBDF2-E796-4CFF-B3A4-5B53E440FB3F}"
EndProject
Project("{8BC9CEB8-8B4A-11D0-8D11-00A0C91BC942}") = "TaskB_KTbo06_KravchenkoAA", "TaskB_KTbo06_KravchenkoAA\TaskB_KTbo06_KravchenkoAA.vcxproj", "{402B8686-FA0E-4F11-8ECB-7C18C41E9F0E}"
EndProject
Project("{8BC9CEB8-8B4A-11D0-8D11-00A0C91BC942}") = "TaskC_KTbo06_KravchenkoAA", "TaskС_KTbo06_KravchenkoAA\TaskС_KTbo06_KravchenkoAA.vcxproj", "{9304895C-7A9D-4314-B274-9AB198C11CE5}"
EndProject
Project("{8BC9CEB8-8B4A-11D0-8D11-00A0C91BC942}") = "TaskA_KTbo06_KravchenkoAA", "TaskA_KTbo06_KravchenkoAA\TaskA_KTbo06_KravchenkoAA.vcxproj", "{81C2D135-D5F9-47E9-81A5-734E403322DA}"
EndProject
Project("{8BC9CEB8-8B4A-11D0-8D11-00A0C91BC942}") = "TaskD_KTbo06_KravchenkoAA", "TaskD_KTbo06_KravchenkoAA\TaskD_KTbo06_KravchenkoAA.vcxproj", "{FABE4BE7-EDE2-46D9-9240-607DB53C0956}"
EndProject
Project("{8BC9CEB8-8B4A-11D0-8D11-00A0C91BC942}") = "TaskE_KTbo06_KravchenkoAA", "TaskE_KTbo06_KravchenkoAA\TaskE_KTbo06_KravchenkoAA.vcxproj", "{CEC4C5A7-9858-4F37-B6C8-9FAD459B7BCE}"
EndProject
Project("{8BC9CEB8-8B4A-11D0-8D11-00A0C91BC942}") = "TaskF_KTbo06_KravchenkoAA", "TaskF_KTbo06_KravchenkoAA\TaskF_KTbo06_KravchenkoAA.vcxproj", "{31A21CB6-4DDF-45C2-B6E3-89D2D0254B65}"
EndProject
Project("{8BC9CEB8-8B4A-11D0-8D11-00A0C91BC942}") = "TaskG_KTbo06_KravchenkoAA", "TaskG_KTbo06_KravchenkoAA\TaskG_KTbo06_KravchenkoAA.vcxproj", "{C5C411F2-FC4E-4411-9416-4CCA565589BA}"
EndProject
Project("{8BC9CEB8-8B4A-11D0-8D11-00A0C91BC942}") = "TaskH_KTbo06_KravchenkoAA", "TaskH_KTbo06_KravchenkoAA\TaskH_KTbo06_KravchenkoAA.vcxproj", "{EEA5E01B-7200-44DE-9098-3DFCE5EC9B99}"
EndProject
Project("{8BC9CEB8-8B4A-11D0-8D11-00A0C91BC942}") = "TaskI_KTbo06_KravchenkoAA", "TaskI_KTbo06_KravchenkoAA\TaskI_KTbo06_KravchenkoAA.vcxproj", "{C916FBCD-B830-4622-B3FF-C4AD9945A028}"
EndProject
Global
	GlobalSection(SolutionConfigurationPlatforms) = preSolution
		Debug|x64 = Debug|x64
		Debug|x86 = Debug|x86
		Release|x64 = Release|x64
		Release|x86 = Release|x86
	EndGlobalSection
	GlobalSection(ProjectConfigurationPlatforms) = postSolution
		{D4DD3718-2D83-47A6-87B1-D33CD486809C}.Debug|x64.ActiveCfg = Debug|x64
		{D4DD3718-2D83-47A6-87B1-D33CD486809C}.Debug|x64.Build.0 = Debug|x64
		{D4DD3718-2D83-47A6-87B1-D33CD486809C}.Debug|x86.ActiveCfg = Debug|Win32
		{D4DD3718-2D83-47A6-87B1-D33CD486809C}.Debug|x86.Build.0 = Debug|Win32
		{D4DD3718-2D83-47A6-87B1-D33CD486809C}.Release|x64.ActiveCfg = Release|x64
		{D4DD3718-2D83-47A6-87B1-D33CD486809C}.Release|x64.Build.0 = Release|x64
		{D4DD3718-2D83-47A6-87B1-D33CD486809C}.Release|x86.ActiveCfg = Release|Win32
		{D4DD3718-2D83-47A6-87B1-D33CD486809C}.Release|x86.Build.0 = Release|Win32
		{3B3C0CAF-BB00-417C-98C1-79F00113ED74}.Debug|x64.ActiveCfg = Debug|x64
		{3B3C0CAF-BB00-417C-98C1-79F00113ED74}.Debug|x64.Build.0 = Debug|x64
		{3B3C0CAF-BB00-417C-98C1-79F00113ED74}.Debug|x86.ActiveCfg = Debug|Win32
		{3B3C0CAF-BB00-417C-98C1-79F00113ED74}.Debug|x86.Build.0 = Debug|Win32
		{3B3C0CAF-BB00-417C-98C1-79F00113ED74}.Release|x64.ActiveCfg = Release|x64
		{3B3C0CAF-BB00-417C-98C1-79F00113ED74}.Release|x64.Build.0 = Release|x64
		{3B3C0CAF-BB00-417C-98C1-79F00113ED74}.Release|x86.ActiveCfg = Release|Win32
		{3B3C0CAF-BB00-417C-98C1-79F00113ED74}.Release|x86.Build.0 = Release|Win32
		{9AC94321-5A1E-45EC-99C2-9EF5D1DFE1B9}.Debug|x64.ActiveCfg = Debug|x64
		{9AC94321-5A1E-45EC-99C2-9EF5D1DFE1B9}.Debug|x64.Build.0 = Debug|x64
		{9AC94321-5A1E-45EC-99C2-9EF5D1DFE1B9}.Debug|x86.ActiveCfg = Debug|Win32
		{9AC94321-5A1E-45EC-99C2-9EF5D1DFE1B9}.Debug|x86.Build.0 = Debug|Win32
		{9AC94321-5A1E-45EC-99C2-9EF5D1DFE1B9}.Release|x64.ActiveCfg = Release|x64
		{9AC94321-5A1E-45EC-99C2-9EF5D1DFE1B9}.Release|x64.Build.0 = Release|x64
		{9AC94321-5A1E-45EC-99C2-9EF5D1DFE1B9}.Release|x86.ActiveCfg = Release|Win32
		{9AC94321-5A1E-45EC-99C2-9EF5D1DFE1B9}.Release|x86.Build.0 = Release|Win32
		{8AFA5F0B-254E-4522-9936-03FD14A6E342}.Debug|x64.ActiveCfg = Debug|x64
		{8AFA5F0B-254E-4522-9936-03FD14A6E342}.Debug|x64.Build.0 = Debug|x64
		{8AFA5F0B-254E-4522-9936-03FD14A6E342}.Debug|x86.ActiveCfg = Debug|Win32
		{8AFA5F0B-254E-4522-9936-03FD14A6E342}.Debug|x86.Build.0 = Debug|Win32
		{8AFA5F0B-254E-4522-9936-03FD14A6E342}.Release|x64.ActiveCfg = Release|x64
		{8AFA5F0B-254E-4522-9936-03FD14A6E342}.Release|x64.Build.0 = Release|x64
		{8AFA5F0B-254E-4522-9936-03FD14A6E342}.Release|x86.ActiveCfg = Release|Win32
		{8AFA5F0B-254E-4522-9936-03FD14A6E342}.Release|x86.Build.0 = Release|Win32
		{AC0FBDF2-E796-4CFF-B3A4-5B53E440FB3F}.Debug|x64.ActiveCfg = Debug|x64
		{AC0FBDF2-E796-4CFF-B3A4-5B53E440FB3F}.Debug|x64.Build.0 = Debug|x64
		{AC0FBDF2-E796-4CFF-B3A4-5B53E440FB3F}.Debug|x86.ActiveCfg = Debug|Win32
		{AC0FBDF2-E796-4CFF-B3A4-5B53E440FB3F}.Debug|x86.Build.0 = Debug|Win32
		{AC0FBDF2-E796-4CFF-B3A4-5B53E440FB3F}.Release|x64.ActiveCfg = Release|x64
		{AC0FBDF2-E796-4CFF-B3A4-5B53E440FB3F}.Release|x64.Build.0 = Release|x64
		{AC0FBDF2-E796-4CFF-B3A4-5B53E440FB3F}.Release|x86.ActiveCfg = Release|Win32
		{AC0FBDF2-E796-4CFF-B3A4-5B53E440FB3F}.Release|x86.Build.0 = Release|Win32
		{402B8686-FA0E-4F11-8ECB-7C18C41E9F0E}.Debug|x64.ActiveCfg = Debug|x64
		{402B8686-FA0E-4F11-8ECB-7C18C41E9F0E}.Debug|x64.Build.0 = Debug|x64
		{402B8686-FA0E-4F11-8ECB-7C18C41E9F0E}.Debug|x86.ActiveCfg = Debug|Win32
		{402B8686-FA0E-4F11-8ECB-7C18C41E9F0E}.Debug|x86.Build.0 = Debug|Win32
		{402B8686-FA0E-4F11-8ECB-7C18C41E9F0E}.Release|x64.ActiveCfg = Release|x64
		{402B8686-FA0E-4F11-8ECB-7C18C41E9F0E}.Release|x64.Build.0 = Release|x64
		{402B8686-FA0E-4F11-8ECB-7C18C41E9F0E}.Release|x86.ActiveCfg = Release|Win32
		{402B8686-FA0E-4F11-8ECB-7C18C41E9F0E}.Release|x86.Build.0 = Release|Win32
		{9304895C-7A9D-4314-B274-9AB198C11CE5}.Debug|x64.ActiveCfg = Debug|x64
		{9304895C-7A9D-4314-B274-9AB198C11CE5}.Debug|x64.Build.0 = Debug|x64
		{9304895C-7A9D-4314-B274-9AB198C11CE5}.Debug|x86.ActiveCfg = Debug|Win32
		{9304895C-7A9D-4314-B274-9AB198C11CE5}.Debug|x86.Build.0 = Debug|Win32
		{9304895C-7A9D-4314-B274-9AB198C11CE5}.Release|x64.ActiveCfg = Release|x64
		{9304895C-7A9D-4314-B274-9AB198C11CE5}.Release|x64.Build.0 = Release|x64
		{9304895C-7A9D-4314-B274-9AB198C11CE5}.Release|x86.ActiveCfg = Release|Win32
		{9304895C-7A9D-4314-B274-9AB198C11CE5}.Release|x86.Build.0 = Release|Win32
		{81C2D135-D5F9-47E9-81A5-734E403322DA}.Debug|x64.ActiveCfg = Debug|x64
		{81C2D135-D5F9-47E9-81A5-734E403322DA}.Debug|x64.Build.0 = Debug|x64
		{81C2D135-D5F9-47E9-81A5-734E403322DA}.Debug|x86.ActiveCfg = Debug|Win32
		{81C2D135-D5F9-47E9-81A5-734E403322DA}.Debug|x86.Build.0 = Debug|Win32
		{81C2D135-D5F9-47E9-81A5-734E403322DA}.Release|x64.ActiveCfg = Release|x64
		{81C2D135-D5F9-47E9-81A5-734E403322DA}.Release|x64.Build.0 = Release|x64
		{81C2D135-D5F9-47E9-81A5-734E403322DA}.Release|x86.ActiveCfg = Release|Win32
		{81C2D135-D5F9-47E9-81A5-734E403322DA}.Release|x86.Build.0 = Release|Win32
		{FABE4BE7-EDE2-46D9-9240-607DB53C0956}.Debug|x64.ActiveCfg = Debug|x64
		{FABE4BE7-EDE2-46D9-9240-607DB53C0956}.Debug|x64.Build.0 = Debug|x64
		{FABE4BE7-EDE2-46D9-9240-607DB53C0956}.Debug|x86.ActiveCfg = Debug|Win32
		{FABE4BE7-EDE2-46D9-9240-607DB53C0956}.Debug|x86.Build.0 = Debug|Win32
		{FABE4BE7-EDE2-46D9-9240-607DB53C0956}.Release|x64.ActiveCfg = Release|x64
		{FABE4BE7-EDE2-46D9-9240-607DB53C0956}.Release|x64.Build.0 = Release|x64
		{FABE4BE7-EDE2-46D9-9240-607DB53C0956}.Release|x86.ActiveCfg = Release|Win32
		{FABE4BE7-EDE2-46D9-9240-607DB53C0956}.Release|x86.Build.0 = Release|Win32
		{CEC4C5A7-9858-4F37-B6C8-9FAD459B7BCE}.Debug|x64.ActiveCfg = Debug|x64
		{CEC4C5A7-9858-4F37-B6C8-9FAD459B7BCE}.Debug|x64.Build.0 = Debug|x64
		{CEC4C5A7-9858-4F37-B6C8-9FAD459B7BCE}.Debug|x86.ActiveCfg = Debug|Win32
		{CEC4C5A7-9858-4F37-B6C8-9FAD459B7BCE}.Debug|x86.Build.0 = Debug|Win32
		{CEC4C5A7-9858-4F37-B6C8-9FAD459B7BCE}.Release|x64.ActiveCfg = Release|x64
		{CEC4C5A7-9858-4F37-B6C8-9FAD459B7BCE}.Release|x64.Build.0 = Release|x64
		{CEC4C5A7-9858-4F37-B6C8-9FAD459B7BCE}.Release|x86.ActiveCfg = Release|Win32
		{CEC4C5A7-9858-4F37-B6C8-9FAD459B7BCE}.Release|x86.Build.0 = Release|Win32
		{31A21CB6-4DDF-45C2-B6E3-89D2D0254B65}.Debug|x64.ActiveCfg = Debug|x64
		{31A21CB6-4DDF-45C2-B6E3-89D2D0254B65}.Debug|x64.Build.0 = Debug|x64
		{31A21CB6-4DDF-45C2-B6E3-89D2D0254B65}.Debug|x86.ActiveCfg = Debug|Win32
		{31A21CB6-4DDF-45C2-B6E3-89D2D0254B65}.Debug|x86.Build.0 = Debug|Win32
		{31A21CB6-4DDF-45C2-B6E3-89D2D0254B65}.Release|x64.ActiveCfg = Release|x64
		{31A21CB6-4DDF-45C2-B6E3-89D2D0254B65}.Release|x64.Build.0 = Release|x64
		{31A21CB6-4DDF-45C2-B6E3-89D2D0254B65}.Release|x86.ActiveCfg = Release|Win32
		{31A21CB6-4DDF-45C2-B6E3-89D2D0254B65}.Release|x86.Build.0 = Release|Win32
		{C5C411F2-FC4E-4411-9416-4CCA565589BA}.Debug|x64.ActiveCfg = Debug|x64
		{C5C411F2-FC4E-4411-9416-4CCA565589BA}.Debug|x64.Build.0 = Debug|x64
		{C5C411F2-FC4E-4411-9416-4CCA565589BA}.Debug|x86.ActiveCfg = Debug|Win32
		{C5C411F2-FC4E-4411-9416-4CCA565589BA}.Debug|x86.Build.0 = Debug|Win32
		{C5C411F2-FC4E-4411-9416-4CCA565589BA}.Release|x64.ActiveCfg = Release|x64
		{C5C411F2-FC4E-4411-9416-4CCA565589BA}.Release|x64.Build.0 = Release|x64
		{C5C411F2-FC4E-4411-9416-4CCA565589BA}.Release|x86.ActiveCfg = Release|Win32
		{C5C411F2-FC4E-4411-9416-4CCA565589BA}.Release|x86.Build.0 = Release|Win32
		{EEA5E01B-7200-44DE-9098-3DFCE5EC9B99}.Debug|x64.ActiveCfg = Debug|x64
		{EEA5E01B-7200-44DE-9098-3DFCE5EC9B99}.Debug|x64.Build.0 = Debug|x64
		{EEA5E01B-7200-44DE-9098-3DFCE5EC9B99}.Debug|x86.ActiveCfg = Debug|Win32
		{EEA5E01B-7200-44DE-9098-3DFCE5EC9B99}.Debug|x86.Build.0 = Debug|Win32
		{EEA5E01B-7200-44DE-9098-3DFCE5EC9B99}.Release|x64.ActiveCfg = Release|x64
		{EEA5E01B-7200-44DE-9098-3DFCE5EC9B99}.Release|x64.Build.0 = Release|x64
		{EEA5E01B-7200-44DE-9098-3DFCE5EC9B99}.Release|x86.ActiveCfg = Release|Win32
		{EEA5E01B-7200-44DE-9098-3DFCE5EC9B99}.Release|x86.Build.0 = Release|Win32
		{C916FBCD-B830-4622-B3FF-C4AD9945A028}.Debug|x64.ActiveCfg = Debug|x64
		{C916FBCD-B830-4622-B3FF-C4AD9945A028}.Debug|x64.Build.0 = Debug|x64
		{C916FBCD-B830-4622-B3FF-C4AD9945A028}.Debug|x86.ActiveCfg = Debug|Win32
		{C916FBCD-B830-4622-B3FF-C4AD9945A028}.Debug|x86.Build.0 = Debug|Win32
		{C916FBCD-B830-4622-B3FF-C4AD9945A028}.Release|x64.ActiveCfg = Release|x64
		{C916FBCD-B830-4622-B3FF-C4AD9945A028}.Release|x64.Build.0 = Release|x64
		{C916FBCD-B830-4622-B3FF-C4AD9945A028}.Release|x86.ActiveCfg = Release|Win32
		{C916FBCD-B830-4622-B3FF-C4AD9945A028}.Release|x86.Build.0 = Release|Win32
	EndGlobalSection
	GlobalSection(SolutionProperties) = preSolution
		HideSolutionNode = FALSE
	EndGlobalSection
	GlobalSection(ExtensibilityGlobals) = postSolution
		SolutionGuid = {B6EEAD28-569E-40F7-A969-C52668B172DF}
	EndGlobalSection
EndGlobal
