
Microsoft Visual Studio Solution File, Format Version 12.00
# Visual Studio Version 17
VisualStudioVersion = 17.7.34003.232
MinimumVisualStudioVersion = 10.0.40219.1
Project("{8BC9CEB8-8B4A-11D0-8D11-00A0C91BC942}") = "TaskA", "Task1\Task1.vcxproj", "{74398316-C81D-4125-867E-44A28D828830}"
EndProject
Project("{8BC9CEB8-8B4A-11D0-8D11-00A0C91BC942}") = "TaskB", "TaskB\TaskB.vcxproj", "{9A72EDBF-EA81-4F00-A260-BFE2F225AE4E}"
EndProject
Project("{8BC9CEB8-8B4A-11D0-8D11-00A0C91BC942}") = "TaskC", "TaskC\TaskC.vcxproj", "{D2ABA49A-0D13-4250-A751-C44775C22378}"
EndProject
Project("{8BC9CEB8-8B4A-11D0-8D11-00A0C91BC942}") = "TaskD", "TaskD\TaskD.vcxproj", "{440E685C-3DA1-4CB5-96D1-4E967DD60E77}"
EndProject
Project("{8BC9CEB8-8B4A-11D0-8D11-00A0C91BC942}") = "TaskE", "TaskE\TaskE.vcxproj", "{68ADF076-B776-4402-85D6-5997C34090B2}"
EndProject
Project("{8BC9CEB8-8B4A-11D0-8D11-00A0C91BC942}") = "TaskF", "TaskF\TaskF.vcxproj", "{91C58A92-82C9-4493-908A-7B2BC80E6A25}"
EndProject
Project("{8BC9CEB8-8B4A-11D0-8D11-00A0C91BC942}") = "TaskG", "TaskG\TaskG.vcxproj", "{9B9DA964-4E59-4545-9135-CAFD40127F2B}"
EndProject
Project("{8BC9CEB8-8B4A-11D0-8D11-00A0C91BC942}") = "TaskH", "TaskH\TaskH.vcxproj", "{477D6E71-2A56-4C79-8A9C-2EFE3A637D27}"
EndProject
Global
	GlobalSection(SolutionConfigurationPlatforms) = preSolution
		Debug|x64 = Debug|x64
		Debug|x86 = Debug|x86
		Release|x64 = Release|x64
		Release|x86 = Release|x86
	EndGlobalSection
	GlobalSection(ProjectConfigurationPlatforms) = postSolution
		{74398316-C81D-4125-867E-44A28D828830}.Debug|x64.ActiveCfg = Debug|x64
		{74398316-C81D-4125-867E-44A28D828830}.Debug|x64.Build.0 = Debug|x64
		{74398316-C81D-4125-867E-44A28D828830}.Debug|x86.ActiveCfg = Debug|Win32
		{74398316-C81D-4125-867E-44A28D828830}.Debug|x86.Build.0 = Debug|Win32
		{74398316-C81D-4125-867E-44A28D828830}.Release|x64.ActiveCfg = Release|x64
		{74398316-C81D-4125-867E-44A28D828830}.Release|x64.Build.0 = Release|x64
		{74398316-C81D-4125-867E-44A28D828830}.Release|x86.ActiveCfg = Release|Win32
		{74398316-C81D-4125-867E-44A28D828830}.Release|x86.Build.0 = Release|Win32
		{9A72EDBF-EA81-4F00-A260-BFE2F225AE4E}.Debug|x64.ActiveCfg = Debug|x64
		{9A72EDBF-EA81-4F00-A260-BFE2F225AE4E}.Debug|x64.Build.0 = Debug|x64
		{9A72EDBF-EA81-4F00-A260-BFE2F225AE4E}.Debug|x86.ActiveCfg = Debug|Win32
		{9A72EDBF-EA81-4F00-A260-BFE2F225AE4E}.Debug|x86.Build.0 = Debug|Win32
		{9A72EDBF-EA81-4F00-A260-BFE2F225AE4E}.Release|x64.ActiveCfg = Release|x64
		{9A72EDBF-EA81-4F00-A260-BFE2F225AE4E}.Release|x64.Build.0 = Release|x64
		{9A72EDBF-EA81-4F00-A260-BFE2F225AE4E}.Release|x86.ActiveCfg = Release|Win32
		{9A72EDBF-EA81-4F00-A260-BFE2F225AE4E}.Release|x86.Build.0 = Release|Win32
		{D2ABA49A-0D13-4250-A751-C44775C22378}.Debug|x64.ActiveCfg = Debug|x64
		{D2ABA49A-0D13-4250-A751-C44775C22378}.Debug|x64.Build.0 = Debug|x64
		{D2ABA49A-0D13-4250-A751-C44775C22378}.Debug|x86.ActiveCfg = Debug|Win32
		{D2ABA49A-0D13-4250-A751-C44775C22378}.Debug|x86.Build.0 = Debug|Win32
		{D2ABA49A-0D13-4250-A751-C44775C22378}.Release|x64.ActiveCfg = Release|x64
		{D2ABA49A-0D13-4250-A751-C44775C22378}.Release|x64.Build.0 = Release|x64
		{D2ABA49A-0D13-4250-A751-C44775C22378}.Release|x86.ActiveCfg = Release|Win32
		{D2ABA49A-0D13-4250-A751-C44775C22378}.Release|x86.Build.0 = Release|Win32
		{440E685C-3DA1-4CB5-96D1-4E967DD60E77}.Debug|x64.ActiveCfg = Debug|x64
		{440E685C-3DA1-4CB5-96D1-4E967DD60E77}.Debug|x64.Build.0 = Debug|x64
		{440E685C-3DA1-4CB5-96D1-4E967DD60E77}.Debug|x86.ActiveCfg = Debug|Win32
		{440E685C-3DA1-4CB5-96D1-4E967DD60E77}.Debug|x86.Build.0 = Debug|Win32
		{440E685C-3DA1-4CB5-96D1-4E967DD60E77}.Release|x64.ActiveCfg = Release|x64
		{440E685C-3DA1-4CB5-96D1-4E967DD60E77}.Release|x64.Build.0 = Release|x64
		{440E685C-3DA1-4CB5-96D1-4E967DD60E77}.Release|x86.ActiveCfg = Release|Win32
		{440E685C-3DA1-4CB5-96D1-4E967DD60E77}.Release|x86.Build.0 = Release|Win32
		{68ADF076-B776-4402-85D6-5997C34090B2}.Debug|x64.ActiveCfg = Debug|x64
		{68ADF076-B776-4402-85D6-5997C34090B2}.Debug|x64.Build.0 = Debug|x64
		{68ADF076-B776-4402-85D6-5997C34090B2}.Debug|x86.ActiveCfg = Debug|Win32
		{68ADF076-B776-4402-85D6-5997C34090B2}.Debug|x86.Build.0 = Debug|Win32
		{68ADF076-B776-4402-85D6-5997C34090B2}.Release|x64.ActiveCfg = Release|x64
		{68ADF076-B776-4402-85D6-5997C34090B2}.Release|x64.Build.0 = Release|x64
		{68ADF076-B776-4402-85D6-5997C34090B2}.Release|x86.ActiveCfg = Release|Win32
		{68ADF076-B776-4402-85D6-5997C34090B2}.Release|x86.Build.0 = Release|Win32
		{91C58A92-82C9-4493-908A-7B2BC80E6A25}.Debug|x64.ActiveCfg = Debug|x64
		{91C58A92-82C9-4493-908A-7B2BC80E6A25}.Debug|x64.Build.0 = Debug|x64
		{91C58A92-82C9-4493-908A-7B2BC80E6A25}.Debug|x86.ActiveCfg = Debug|Win32
		{91C58A92-82C9-4493-908A-7B2BC80E6A25}.Debug|x86.Build.0 = Debug|Win32
		{91C58A92-82C9-4493-908A-7B2BC80E6A25}.Release|x64.ActiveCfg = Release|x64
		{91C58A92-82C9-4493-908A-7B2BC80E6A25}.Release|x64.Build.0 = Release|x64
		{91C58A92-82C9-4493-908A-7B2BC80E6A25}.Release|x86.ActiveCfg = Release|Win32
		{91C58A92-82C9-4493-908A-7B2BC80E6A25}.Release|x86.Build.0 = Release|Win32
		{9B9DA964-4E59-4545-9135-CAFD40127F2B}.Debug|x64.ActiveCfg = Debug|x64
		{9B9DA964-4E59-4545-9135-CAFD40127F2B}.Debug|x64.Build.0 = Debug|x64
		{9B9DA964-4E59-4545-9135-CAFD40127F2B}.Debug|x86.ActiveCfg = Debug|Win32
		{9B9DA964-4E59-4545-9135-CAFD40127F2B}.Debug|x86.Build.0 = Debug|Win32
		{9B9DA964-4E59-4545-9135-CAFD40127F2B}.Release|x64.ActiveCfg = Release|x64
		{9B9DA964-4E59-4545-9135-CAFD40127F2B}.Release|x64.Build.0 = Release|x64
		{9B9DA964-4E59-4545-9135-CAFD40127F2B}.Release|x86.ActiveCfg = Release|Win32
		{9B9DA964-4E59-4545-9135-CAFD40127F2B}.Release|x86.Build.0 = Release|Win32
		{477D6E71-2A56-4C79-8A9C-2EFE3A637D27}.Debug|x64.ActiveCfg = Debug|x64
		{477D6E71-2A56-4C79-8A9C-2EFE3A637D27}.Debug|x64.Build.0 = Debug|x64
		{477D6E71-2A56-4C79-8A9C-2EFE3A637D27}.Debug|x86.ActiveCfg = Debug|Win32
		{477D6E71-2A56-4C79-8A9C-2EFE3A637D27}.Debug|x86.Build.0 = Debug|Win32
		{477D6E71-2A56-4C79-8A9C-2EFE3A637D27}.Release|x64.ActiveCfg = Release|x64
		{477D6E71-2A56-4C79-8A9C-2EFE3A637D27}.Release|x64.Build.0 = Release|x64
		{477D6E71-2A56-4C79-8A9C-2EFE3A637D27}.Release|x86.ActiveCfg = Release|Win32
		{477D6E71-2A56-4C79-8A9C-2EFE3A637D27}.Release|x86.Build.0 = Release|Win32
	EndGlobalSection
	GlobalSection(SolutionProperties) = preSolution
		HideSolutionNode = FALSE
	EndGlobalSection
	GlobalSection(ExtensibilityGlobals) = postSolution
		SolutionGuid = {1C61E776-0E41-4D0C-BF80-634342C2E0C1}
	EndGlobalSection
EndGlobal
